
Microsoft Visual Studio Solution File, Format Version 12.00
# Visual Studio Version 16
VisualStudioVersion = 16.0.31702.278
MinimumVisualStudioVersion = 10.0.40219.1
Project("{FAE04EC0-301F-11D3-BF4B-00C04F79EFBC}") = "NoteApp", "NoteApp\NoteApp.csproj", "{CF23598A-4C2F-4B27-BEE6-FC44E04DE9CA}"
EndProject
Project("{FAE04EC0-301F-11D3-BF4B-00C04F79EFBC}") = "NoteAppUI", "NoteAppUI\NoteAppUI.csproj", "{0688FF2D-9DD4-4802-B680-BB3E3905575F}"
EndProject
Project("{2150E333-8FDC-42A3-9474-1A3956D46DE8}") = "Testing", "Testing", "{ACD524B8-96FD-4E9F-B8B1-5FEABD3E6CAC}"
EndProject
Project("{FAE04EC0-301F-11D3-BF4B-00C04F79EFBC}") = "NoteAppUnitTests", "Testing\NoteAppUnitTests\NoteAppUnitTests.csproj", "{D3EBA45F-A198-43EF-B1E2-28A274958517}"
EndProject
Global
	GlobalSection(SolutionConfigurationPlatforms) = preSolution
		Debug|Any CPU = Debug|Any CPU
		Release|Any CPU = Release|Any CPU
	EndGlobalSection
	GlobalSection(ProjectConfigurationPlatforms) = postSolution
		{CF23598A-4C2F-4B27-BEE6-FC44E04DE9CA}.Debug|Any CPU.ActiveCfg = Debug|Any CPU
		{CF23598A-4C2F-4B27-BEE6-FC44E04DE9CA}.Debug|Any CPU.Build.0 = Debug|Any CPU
		{CF23598A-4C2F-4B27-BEE6-FC44E04DE9CA}.Release|Any CPU.ActiveCfg = Release|Any CPU
		{CF23598A-4C2F-4B27-BEE6-FC44E04DE9CA}.Release|Any CPU.Build.0 = Release|Any CPU
		{0688FF2D-9DD4-4802-B680-BB3E3905575F}.Debug|Any CPU.ActiveCfg = Debug|Any CPU
		{0688FF2D-9DD4-4802-B680-BB3E3905575F}.Debug|Any CPU.Build.0 = Debug|Any CPU
		{0688FF2D-9DD4-4802-B680-BB3E3905575F}.Release|Any CPU.ActiveCfg = Release|Any CPU
		{0688FF2D-9DD4-4802-B680-BB3E3905575F}.Release|Any CPU.Build.0 = Release|Any CPU
		{D3EBA45F-A198-43EF-B1E2-28A274958517}.Debug|Any CPU.ActiveCfg = Debug|Any CPU
		{D3EBA45F-A198-43EF-B1E2-28A274958517}.Debug|Any CPU.Build.0 = Debug|Any CPU
		{D3EBA45F-A198-43EF-B1E2-28A274958517}.Release|Any CPU.ActiveCfg = Release|Any CPU
		{D3EBA45F-A198-43EF-B1E2-28A274958517}.Release|Any CPU.Build.0 = Release|Any CPU
	EndGlobalSection
	GlobalSection(SolutionProperties) = preSolution
		HideSolutionNode = FALSE
	EndGlobalSection
	GlobalSection(NestedProjects) = preSolution
		{D3EBA45F-A198-43EF-B1E2-28A274958517} = {ACD524B8-96FD-4E9F-B8B1-5FEABD3E6CAC}
	EndGlobalSection
	GlobalSection(ExtensibilityGlobals) = postSolution
		SolutionGuid = {7688F253-FE35-4185-B836-9716E894573E}
	EndGlobalSection
EndGlobal
